
Microsoft Visual Studio Solution File, Format Version 12.00
# Visual Studio 14
VisualStudioVersion = 14.0.25123.0
MinimumVisualStudioVersion = 10.0.40219.1
Project("{FAE04EC0-301F-11D3-BF4B-00C04F79EFBC}") = "DocFilesFillingProgrammLogick", "DocFilesFillingProgrammLogick\DocFilesFillingProgrammLogick.csproj", "{7927A4E7-F469-42BD-933C-E482372E5D1F}"
EndProject
Project("{FAE04EC0-301F-11D3-BF4B-00C04F79EFBC}") = "DocFilesFillingProgrammUI", "DocFilesFillingProgrammUI\DocFilesFillingProgrammUI.csproj", "{62063AD1-823D-4C64-8BEA-8903DE72E98A}"
EndProject
Project("{FAE04EC0-301F-11D3-BF4B-00C04F79EFBC}") = "DocFilesFillingProgrammConsoleTest", "DocFilesFillingProgrammConsoleTest\DocFilesFillingProgrammConsoleTest.csproj", "{581F5CCF-0290-4977-B08C-58F5CA900447}"
EndProject
Global
	GlobalSection(SolutionConfigurationPlatforms) = preSolution
		Debug|Any CPU = Debug|Any CPU
		Release|Any CPU = Release|Any CPU
	EndGlobalSection
	GlobalSection(ProjectConfigurationPlatforms) = postSolution
		{7927A4E7-F469-42BD-933C-E482372E5D1F}.Debug|Any CPU.ActiveCfg = Debug|Any CPU
		{7927A4E7-F469-42BD-933C-E482372E5D1F}.Debug|Any CPU.Build.0 = Debug|Any CPU
		{7927A4E7-F469-42BD-933C-E482372E5D1F}.Release|Any CPU.ActiveCfg = Release|Any CPU
		{7927A4E7-F469-42BD-933C-E482372E5D1F}.Release|Any CPU.Build.0 = Release|Any CPU
		{62063AD1-823D-4C64-8BEA-8903DE72E98A}.Debug|Any CPU.ActiveCfg = Debug|Any CPU
		{62063AD1-823D-4C64-8BEA-8903DE72E98A}.Debug|Any CPU.Build.0 = Debug|Any CPU
		{62063AD1-823D-4C64-8BEA-8903DE72E98A}.Release|Any CPU.ActiveCfg = Release|Any CPU
		{62063AD1-823D-4C64-8BEA-8903DE72E98A}.Release|Any CPU.Build.0 = Release|Any CPU
		{581F5CCF-0290-4977-B08C-58F5CA900447}.Debug|Any CPU.ActiveCfg = Debug|Any CPU
		{581F5CCF-0290-4977-B08C-58F5CA900447}.Debug|Any CPU.Build.0 = Debug|Any CPU
		{581F5CCF-0290-4977-B08C-58F5CA900447}.Release|Any CPU.ActiveCfg = Release|Any CPU
		{581F5CCF-0290-4977-B08C-58F5CA900447}.Release|Any CPU.Build.0 = Release|Any CPU
	EndGlobalSection
	GlobalSection(SolutionProperties) = preSolution
		HideSolutionNode = FALSE
	EndGlobalSection
EndGlobal
